
Microsoft Visual Studio Solution File, Format Version 12.00
# Visual Studio Version 16
VisualStudioVersion = 16.0.31313.79
MinimumVisualStudioVersion = 10.0.40219.1
Project("{FAE04EC0-301F-11D3-BF4B-00C04F79EFBC}") = "LiveSplit.SourceSplit", "LiveSplit.SourceSplit.csproj", "{EE96132E-A56A-4070-BE18-927DE5653906}"
EndProject
Project("{911E67C6-3D85-4FCE-B560-20A9C3E3FF48}") = "LiveSplit", "..\..\..\~Livesplits\LiveSplit_1.7.6\LiveSplit.exe", "{36C5F398-89D2-48BF-8704-24A0B2DADF4D}"
	ProjectSection(DebuggerProjectSystem) = preProject
		PortSupplier = 00000000-0000-0000-0000-000000000000
		Executable = D:\Speedrun\~Livesplits\LiveSplit_1.7.6\LiveSplit.exe
		RemoteMachine = 
		StartingDirectory = D:\Speedrun\~Livesplits\LiveSplit_1.7.6
		Environment = Default
		LaunchingEngine = 00000000-0000-0000-0000-000000000000
		UseLegacyDebugEngines = No
		LaunchSQLEngine = No
		AttachLaunchAction = No
		IORedirection = Auto
	EndProjectSection
EndProject
Global
	GlobalSection(SolutionConfigurationPlatforms) = preSolution
		Debug|Any CPU = Debug|Any CPU
		Debug|x86 = Debug|x86
		Release|Any CPU = Release|Any CPU
		Release|x86 = Release|x86
	EndGlobalSection
	GlobalSection(ProjectConfigurationPlatforms) = postSolution
		{EE96132E-A56A-4070-BE18-927DE5653906}.Debug|Any CPU.ActiveCfg = Debug|Any CPU
		{EE96132E-A56A-4070-BE18-927DE5653906}.Debug|Any CPU.Build.0 = Debug|Any CPU
		{EE96132E-A56A-4070-BE18-927DE5653906}.Debug|x86.ActiveCfg = Debug|Any CPU
		{EE96132E-A56A-4070-BE18-927DE5653906}.Debug|x86.Build.0 = Debug|Any CPU
		{EE96132E-A56A-4070-BE18-927DE5653906}.Release|Any CPU.ActiveCfg = Release|Any CPU
		{EE96132E-A56A-4070-BE18-927DE5653906}.Release|Any CPU.Build.0 = Release|Any CPU
		{EE96132E-A56A-4070-BE18-927DE5653906}.Release|x86.ActiveCfg = Release|Any CPU
		{EE96132E-A56A-4070-BE18-927DE5653906}.Release|x86.Build.0 = Release|Any CPU
		{36C5F398-89D2-48BF-8704-24A0B2DADF4D}.Debug|Any CPU.ActiveCfg = Release|Any CPU
		{36C5F398-89D2-48BF-8704-24A0B2DADF4D}.Debug|x86.ActiveCfg = Release|Any CPU
		{36C5F398-89D2-48BF-8704-24A0B2DADF4D}.Release|Any CPU.ActiveCfg = Release|Any CPU
		{36C5F398-89D2-48BF-8704-24A0B2DADF4D}.Release|x86.ActiveCfg = Release|Any CPU
	EndGlobalSection
	GlobalSection(SolutionProperties) = preSolution
		HideSolutionNode = FALSE
	EndGlobalSection
	GlobalSection(ExtensibilityGlobals) = postSolution
		SolutionGuid = {CE908DE5-BDF1-4A10-9294-5382FD781E88}
	EndGlobalSection
EndGlobal
